// !$*UTF8*$!
{
	archiveVersion = 1;
	classes = {
	};
	objectVersion = 77;
	objects = {

/* Begin PBXBuildFile section */
		5FB3C7F83001F87500CE4906 /* Keyboard.appex in Embed Foundation Extensions */ = {isa = PBXBuildFile; fileRef = 5FB3C7F13001F87500CE4906 /* Keyboard.appex */; settings = {ATTRIBUTES = (RemoveHeadersOnCopy, ); }; };
		5FEF3E313009341000B5155D /* KeyboardInput in Frameworks */ = {isa = PBXBuildFile; productRef = FA2600000000000000000121 /* KeyboardInput */; };
		FA2600000000000000000201 /* KeyboardLayout in Frameworks */ = {isa = PBXBuildFile; productRef = FA2600000000000000000101 /* KeyboardLayout */; };
		FA2600000000000000000202 /* ThemeSchema in Frameworks */ = {isa = PBXBuildFile; productRef = FA2600000000000000000102 /* ThemeSchema */; };
		FA2600000000000000000203 /* KeyboardRenderer in Frameworks */ = {isa = PBXBuildFile; productRef = FA2600000000000000000103 /* KeyboardRenderer */; };
		FA2600000000000000000204 /* KeyboardLayout in Frameworks */ = {isa = PBXBuildFile; productRef = FA2600000000000000000111 /* KeyboardLayout */; };
		FA2600000000000000000205 /* ThemeSchema in Frameworks */ = {isa = PBXBuildFile; productRef = FA2600000000000000000112 /* ThemeSchema */; };
		FA2600000000000000000206 /* KeyboardRenderer in Frameworks */ = {isa = PBXBuildFile; productRef = FA2600000000000000000113 /* KeyboardRenderer */; };
		FA2600000000000000000207 /* FunputEngine in Frameworks */ = {isa = PBXBuildFile; productRef = FA2600000000000000000114 /* FunputEngine */; };
		FA2600000000000000000208 /* KeyboardInput in Frameworks */ = {isa = PBXBuildFile; productRef = FA2600000000000000000115 /* KeyboardInput */; };
		FA2600000000000000000209 /* FunputShared in Frameworks */ = {isa = PBXBuildFile; productRef = FA2600000000000000000116 /* FunputShared */; };
		FA260000000000000000020A /* ThemeRuntime in Frameworks */ = {isa = PBXBuildFile; productRef = FA2600000000000000000117 /* ThemeRuntime */; };
		FA260000000000000000020B /* KeyboardConfiguration in Frameworks */ = {isa = PBXBuildFile; productRef = FA2600000000000000000118 /* KeyboardConfiguration */; };
		FA260000000000000000020C /* FunputShared in Frameworks */ = {isa = PBXBuildFile; productRef = FA2600000000000000000104 /* FunputShared */; };
		FA260000000000000000020D /* KeyboardConfiguration in Frameworks */ = {isa = PBXBuildFile; productRef = FA2600000000000000000105 /* KeyboardConfiguration */; };
		FA260000000000000000020E /* KeyboardLayout in Frameworks */ = {isa = PBXBuildFile; productRef = FA2600000000000000000122 /* KeyboardLayout */; };
		FA260000000000000000020F /* KeyboardRenderer in Frameworks */ = {isa = PBXBuildFile; productRef = FA2600000000000000000123 /* KeyboardRenderer */; };
		FA2600000000000000000210 /* FunputShared in Frameworks */ = {isa = PBXBuildFile; productRef = FA2600000000000000000124 /* FunputShared */; };
		FA2600000000000000000211 /* ThemeRuntime in Frameworks */ = {isa = PBXBuildFile; productRef = FA2600000000000000000125 /* ThemeRuntime */; };
		FA2600000000000000000212 /* ThemeSchema in Frameworks */ = {isa = PBXBuildFile; productRef = FA2600000000000000000126 /* ThemeSchema */; };
		FA2600000000000000000213 /* PersonalSuggestions in Frameworks */ = {isa = PBXBuildFile; productRef = FA2600000000000000000119 /* PersonalSuggestions */; };
		FA2600000000000000000214 /* PersonalSuggestions in Frameworks */ = {isa = PBXBuildFile; productRef = FA2600000000000000000127 /* PersonalSuggestions */; };
/* End PBXBuildFile section */

/* Begin PBXContainerItemProxy section */
		5FB3C7C53001F78400CE4906 /* PBXContainerItemProxy */ = {
			isa = PBXContainerItemProxy;
			containerPortal = 5FB3C7AF3001F78300CE4906 /* Project object */;
			proxyType = 1;
			remoteGlobalIDString = 5FB3C7B63001F78300CE4906;
			remoteInfo = Funput;
		};
		5FB3C7CF3001F78400CE4906 /* PBXContainerItemProxy */ = {
			isa = PBXContainerItemProxy;
			containerPortal = 5FB3C7AF3001F78300CE4906 /* Project object */;
			proxyType = 1;
			remoteGlobalIDString = 5FB3C7B63001F78300CE4906;
			remoteInfo = Funput;
		};
		5FB3C7F63001F87500CE4906 /* PBXContainerItemProxy */ = {
			isa = PBXContainerItemProxy;
			containerPortal = 5FB3C7AF3001F78300CE4906 /* Project object */;
			proxyType = 1;
			remoteGlobalIDString = 5FB3C7F03001F87500CE4906;
			remoteInfo = Keyboard;
		};
/* End PBXContainerItemProxy section */

/* Begin PBXCopyFilesBuildPhase section */
		5FB3C7F93001F87500CE4906 /* Embed Foundation Extensions */ = {
			isa = PBXCopyFilesBuildPhase;
			buildActionMask = 2147483647;
			dstPath = "";
			dstSubfolderSpec = 13;
			files = (
				5FB3C7F83001F87500CE4906 /* Keyboard.appex in Embed Foundation Extensions */,
			);
			name = "Embed Foundation Extensions";
			runOnlyForDeploymentPostprocessing = 0;
		};
/* End PBXCopyFilesBuildPhase section */

/* Begin PBXFileReference section */
		5FB3C7B73001F78300CE4906 /* Funput.app */ = {isa = PBXFileReference; explicitFileType = wrapper.application; includeInIndex = 0; path = Funput.app; sourceTree = BUILT_PRODUCTS_DIR; };
		5FB3C7C43001F78400CE4906 /* FunputTests.xctest */ = {isa = PBXFileReference; explicitFileType = wrapper.cfbundle; includeInIndex = 0; path = FunputTests.xctest; sourceTree = BUILT_PRODUCTS_DIR; };
		5FB3C7CE3001F78400CE4906 /* FunputUITests.xctest */ = {isa = PBXFileReference; explicitFileType = wrapper.cfbundle; includeInIndex = 0; path = FunputUITests.xctest; sourceTree = BUILT_PRODUCTS_DIR; };
		5FB3C7F13001F87500CE4906 /* Keyboard.appex */ = {isa = PBXFileReference; explicitFileType = "wrapper.app-extension"; includeInIndex = 0; path = Keyboard.appex; sourceTree = BUILT_PRODUCTS_DIR; };
/* End PBXFileReference section */

/* Begin PBXFileSystemSynchronizedBuildFileExceptionSet section */
		5FB3C7FC3001F87500CE4906 /* Exceptions for "Keyboard" folder in "Keyboard" target */ = {
			isa = PBXFileSystemSynchronizedBuildFileExceptionSet;
			membershipExceptions = (
				Info.plist,
			);
			target = 5FB3C7F03001F87500CE4906 /* Keyboard */;
		};
/* End PBXFileSystemSynchronizedBuildFileExceptionSet section */

/* Begin PBXFileSystemSynchronizedRootGroup section */
		5FB3C7B93001F78300CE4906 /* Funput */ = {
			isa = PBXFileSystemSynchronizedRootGroup;
			path = Funput;
			sourceTree = "<group>";
		};
		5FB3C7C73001F78400CE4906 /* FunputTests */ = {
			isa = PBXFileSystemSynchronizedRootGroup;
			path = FunputTests;
			sourceTree = "<group>";
		};
		5FB3C7D13001F78400CE4906 /* FunputUITests */ = {
			isa = PBXFileSystemSynchronizedRootGroup;
			path = FunputUITests;
			sourceTree = "<group>";
		};
		5FB3C7F23001F87500CE4906 /* Keyboard */ = {
			isa = PBXFileSystemSynchronizedRootGroup;
			exceptions = (
				5FB3C7FC3001F87500CE4906 /* Exceptions for "Keyboard" folder in "Keyboard" target */,
			);
			path = Keyboard;
			sourceTree = "<group>";
		};
/* End PBXFileSystemSynchronizedRootGroup section */

/* Begin PBXFrameworksBuildPhase section */
		5FB3C7B43001F78300CE4906 /* Frameworks */ = {
			isa = PBXFrameworksBuildPhase;
			buildActionMask = 2147483647;
			files = (
				FA260000000000000000020D /* KeyboardConfiguration in Frameworks */,
				FA260000000000000000020C /* FunputShared in Frameworks */,
				FA2600000000000000000203 /* KeyboardRenderer in Frameworks */,
				FA2600000000000000000202 /* ThemeSchema in Frameworks */,
				FA2600000000000000000201 /* KeyboardLayout in Frameworks */,
			);
			runOnlyForDeploymentPostprocessing = 0;
		};
		5FB3C7C13001F78400CE4906 /* Frameworks */ = {
			isa = PBXFrameworksBuildPhase;
			buildActionMask = 2147483647;
			files = (
				FA2600000000000000000214 /* PersonalSuggestions in Frameworks */,
				5FEF3E313009341000B5155D /* KeyboardInput in Frameworks */,
				FA260000000000000000020E /* KeyboardLayout in Frameworks */,
				FA260000000000000000020F /* KeyboardRenderer in Frameworks */,
				FA2600000000000000000210 /* FunputShared in Frameworks */,
				FA2600000000000000000211 /* ThemeRuntime in Frameworks */,
				FA2600000000000000000212 /* ThemeSchema in Frameworks */,
			);
			runOnlyForDeploymentPostprocessing = 0;
		};
		5FB3C7CB3001F78400CE4906 /* Frameworks */ = {
			isa = PBXFrameworksBuildPhase;
			buildActionMask = 2147483647;
			files = (
			);
			runOnlyForDeploymentPostprocessing = 0;
		};
		5FB3C7EE3001F87500CE4906 /* Frameworks */ = {
			isa = PBXFrameworksBuildPhase;
			buildActionMask = 2147483647;
			files = (
				FA2600000000000000000213 /* PersonalSuggestions in Frameworks */,
				FA2600000000000000000208 /* KeyboardInput in Frameworks */,
				FA2600000000000000000207 /* FunputEngine in Frameworks */,
				FA2600000000000000000206 /* KeyboardRenderer in Frameworks */,
				FA2600000000000000000205 /* ThemeSchema in Frameworks */,
				FA2600000000000000000204 /* KeyboardLayout in Frameworks */,
				FA2600000000000000000209 /* FunputShared in Frameworks */,
				FA260000000000000000020A /* ThemeRuntime in Frameworks */,
				FA260000000000000000020B /* KeyboardConfiguration in Frameworks */,
			);
			runOnlyForDeploymentPostprocessing = 0;
		};
/* End PBXFrameworksBuildPhase section */

/* Begin PBXGroup section */
		5FB3C7AE3001F78300CE4906 = {
			isa = PBXGroup;
			children = (
				5FB3C7B93001F78300CE4906 /* Funput */,
				5FB3C7C73001F78400CE4906 /* FunputTests */,
				5FB3C7D13001F78400CE4906 /* FunputUITests */,
				5FB3C7F23001F87500CE4906 /* Keyboard */,
				5FB3C7B83001F78300CE4906 /* Products */,
			);
			sourceTree = "<group>";
		};
		5FB3C7B83001F78300CE4906 /* Products */ = {
			isa = PBXGroup;
			children = (
				5FB3C7B73001F78300CE4906 /* Funput.app */,
				5FB3C7C43001F78400CE4906 /* FunputTests.xctest */,
				5FB3C7CE3001F78400CE4906 /* FunputUITests.xctest */,
				5FB3C7F13001F87500CE4906 /* Keyboard.appex */,
			);
			name = Products;
			sourceTree = "<group>";
		};
/* End PBXGroup section */

/* Begin PBXNativeTarget section */
		5FB3C7B63001F78300CE4906 /* Funput */ = {
			isa = PBXNativeTarget;
			buildConfigurationList = 5FB3C7D83001F78400CE4906 /* Build configuration list for PBXNativeTarget "Funput" */;
			buildPhases = (
				5FB3C7B33001F78300CE4906 /* Sources */,
				5FB3C7B43001F78300CE4906 /* Frameworks */,
				5FB3C7B53001F78300CE4906 /* Resources */,
				5FB3C7F93001F87500CE4906 /* Embed Foundation Extensions */,
			);
			buildRules = (
			);
			dependencies = (
				5FB3C7F73001F87500CE4906 /* PBXTargetDependency */,
			);
			fileSystemSynchronizedGroups = (
				5FB3C7B93001F78300CE4906 /* Funput */,
			);
			name = Funput;
			packageProductDependencies = (
				FA2600000000000000000101 /* KeyboardLayout */,
				FA2600000000000000000102 /* ThemeSchema */,
				FA2600000000000000000103 /* KeyboardRenderer */,
				FA2600000000000000000104 /* FunputShared */,
				FA2600000000000000000105 /* KeyboardConfiguration */,
			);
			productName = Funput;
			productReference = 5FB3C7B73001F78300CE4906 /* Funput.app */;
			productType = "com.apple.product-type.application";
		};
		5FB3C7C33001F78400CE4906 /* FunputTests */ = {
			isa = PBXNativeTarget;
			buildConfigurationList = 5FB3C7DB3001F78400CE4906 /* Build configuration list for PBXNativeTarget "FunputTests" */;
			buildPhases = (
				5FB3C7C03001F78400CE4906 /* Sources */,
				5FB3C7C13001F78400CE4906 /* Frameworks */,
				5FB3C7C23001F78400CE4906 /* Resources */,
			);
			buildRules = (
			);
			dependencies = (
				5FB3C7C63001F78400CE4906 /* PBXTargetDependency */,
			);
			fileSystemSynchronizedGroups = (
				5FB3C7C73001F78400CE4906 /* FunputTests */,
			);
			name = FunputTests;
			packageProductDependencies = (
				FA2600000000000000000127 /* PersonalSuggestions */,
				FA2600000000000000000121 /* KeyboardInput */,
				FA2600000000000000000122 /* KeyboardLayout */,
				FA2600000000000000000123 /* KeyboardRenderer */,
				FA2600000000000000000124 /* FunputShared */,
				FA2600000000000000000125 /* ThemeRuntime */,
				FA2600000000000000000126 /* ThemeSchema */,
			);
			productName = FunputTests;
			productReference = 5FB3C7C43001F78400CE4906 /* FunputTests.xctest */;
			productType = "com.apple.product-type.bundle.unit-test";
		};
		5FB3C7CD3001F78400CE4906 /* FunputUITests */ = {
			isa = PBXNativeTarget;
			buildConfigurationList = 5FB3C7DE3001F78400CE4906 /* Build configuration list for PBXNativeTarget "FunputUITests" */;
			buildPhases = (
				5FB3C7CA3001F78400CE4906 /* Sources */,
				5FB3C7CB3001F78400CE4906 /* Frameworks */,
				5FB3C7CC3001F78400CE4906 /* Resources */,
			);
			buildRules = (
			);
			dependencies = (
				5FB3C7D03001F78400CE4906 /* PBXTargetDependency */,
			);
			fileSystemSynchronizedGroups = (
				5FB3C7D13001F78400CE4906 /* FunputUITests */,
			);
			name = FunputUITests;
			packageProductDependencies = (
			);
			productName = FunputUITests;
			productReference = 5FB3C7CE3001F78400CE4906 /* FunputUITests.xctest */;
			productType = "com.apple.product-type.bundle.ui-testing";
		};
		5FB3C7F03001F87500CE4906 /* Keyboard */ = {
			isa = PBXNativeTarget;
			buildConfigurationList = 5FB3C7FD3001F87500CE4906 /* Build configuration list for PBXNativeTarget "Keyboard" */;
			buildPhases = (
				5FB3C7ED3001F87500CE4906 /* Sources */,
				5FB3C7EE3001F87500CE4906 /* Frameworks */,
				5FB3C7EF3001F87500CE4906 /* Resources */,
			);
			buildRules = (
			);
			dependencies = (
			);
			fileSystemSynchronizedGroups = (
				5FB3C7F23001F87500CE4906 /* Keyboard */,
			);
			name = Keyboard;
			packageProductDependencies = (
				FA2600000000000000000119 /* PersonalSuggestions */,
				FA2600000000000000000115 /* KeyboardInput */,
				FA2600000000000000000114 /* FunputEngine */,
				FA2600000000000000000111 /* KeyboardLayout */,
				FA2600000000000000000112 /* ThemeSchema */,
				FA2600000000000000000113 /* KeyboardRenderer */,
				FA2600000000000000000116 /* FunputShared */,
				FA2600000000000000000117 /* ThemeRuntime */,
				FA2600000000000000000118 /* KeyboardConfiguration */,
			);
			productName = Keyboard;
			productReference = 5FB3C7F13001F87500CE4906 /* Keyboard.appex */;
			productType = "com.apple.product-type.app-extension";
		};
/* End PBXNativeTarget section */

/* Begin PBXProject section */
		5FB3C7AF3001F78300CE4906 /* Project object */ = {
			isa = PBXProject;
			attributes = {
				BuildIndependentTargetsInParallel = 1;
				LastSwiftUpdateCheck = 2660;
				LastUpgradeCheck = 2660;
				TargetAttributes = {
					5FB3C7B63001F78300CE4906 = {
						CreatedOnToolsVersion = 26.6;
					};
					5FB3C7C33001F78400CE4906 = {
						CreatedOnToolsVersion = 26.6;
						TestTargetID = 5FB3C7B63001F78300CE4906;
					};
					5FB3C7CD3001F78400CE4906 = {
						CreatedOnToolsVersion = 26.6;
						TestTargetID = 5FB3C7B63001F78300CE4906;
					};
					5FB3C7F03001F87500CE4906 = {
						CreatedOnToolsVersion = 26.6;
					};
				};
			};
			buildConfigurationList = 5FB3C7B23001F78300CE4906 /* Build configuration list for PBXProject "Funput" */;
			developmentRegion = vi;
			hasScannedForEncodings = 0;
			knownRegions = (
				vi,
				Base,
			);
			mainGroup = 5FB3C7AE3001F78300CE4906;
			minimizedProjectReferenceProxies = 1;
			packageReferences = (
				FA2600000000000000000001 /* XCLocalSwiftPackageReference "Packages/FunputKit" */,
			);
			preferredProjectObjectVersion = 77;
			productRefGroup = 5FB3C7B83001F78300CE4906 /* Products */;
			projectDirPath = "";
			projectRoot = "";
			targets = (
				5FB3C7B63001F78300CE4906 /* Funput */,
				5FB3C7C33001F78400CE4906 /* FunputTests */,
				5FB3C7CD3001F78400CE4906 /* FunputUITests */,
				5FB3C7F03001F87500CE4906 /* Keyboard */,
			);
		};
/* End PBXProject section */

/* Begin PBXResourcesBuildPhase section */
		5FB3C7B53001F78300CE4906 /* Resources */ = {
			isa = PBXResourcesBuildPhase;
			buildActionMask = 2147483647;
			files = (
			);
			runOnlyForDeploymentPostprocessing = 0;
		};
		5FB3C7C23001F78400CE4906 /* Resources */ = {
			isa = PBXResourcesBuildPhase;
			buildActionMask = 2147483647;
			files = (
			);
			runOnlyForDeploymentPostprocessing = 0;
		};
		5FB3C7CC3001F78400CE4906 /* Resources */ = {
			isa = PBXResourcesBuildPhase;
			buildActionMask = 2147483647;
			files = (
			);
			runOnlyForDeploymentPostprocessing = 0;
		};
		5FB3C7EF3001F87500CE4906 /* Resources */ = {
			isa = PBXResourcesBuildPhase;
			buildActionMask = 2147483647;
			files = (
			);
			runOnlyForDeploymentPostprocessing = 0;
		};
/* End PBXResourcesBuildPhase section */

/* Begin PBXSourcesBuildPhase section */
		5FB3C7B33001F78300CE4906 /* Sources */ = {
			isa = PBXSourcesBuildPhase;
			buildActionMask = 2147483647;
			files = (
			);
			runOnlyForDeploymentPostprocessing = 0;
		};
		5FB3C7C03001F78400CE4906 /* Sources */ = {
			isa = PBXSourcesBuildPhase;
			buildActionMask = 2147483647;
			files = (
			);
			runOnlyForDeploymentPostprocessing = 0;
		};
		5FB3C7CA3001F78400CE4906 /* Sources */ = {
			isa = PBXSourcesBuildPhase;
			buildActionMask = 2147483647;
			files = (
			);
			runOnlyForDeploymentPostprocessing = 0;
		};
		5FB3C7ED3001F87500CE4906 /* Sources */ = {
			isa = PBXSourcesBuildPhase;
			buildActionMask = 2147483647;
			files = (
			);
			runOnlyForDeploymentPostprocessing = 0;
		};
/* End PBXSourcesBuildPhase section */

/* Begin PBXTargetDependency section */
		5FB3C7C63001F78400CE4906 /* PBXTargetDependency */ = {
			isa = PBXTargetDependency;
			target = 5FB3C7B63001F78300CE4906 /* Funput */;
			targetProxy = 5FB3C7C53001F78400CE4906 /* PBXContainerItemProxy */;
		};
		5FB3C7D03001F78400CE4906 /* PBXTargetDependency */ = {
			isa = PBXTargetDependency;
			target = 5FB3C7B63001F78300CE4906 /* Funput */;
			targetProxy = 5FB3C7CF3001F78400CE4906 /* PBXContainerItemProxy */;
		};
		5FB3C7F73001F87500CE4906 /* PBXTargetDependency */ = {
			isa = PBXTargetDependency;
			target = 5FB3C7F03001F87500CE4906 /* Keyboard */;
			targetProxy = 5FB3C7F63001F87500CE4906 /* PBXContainerItemProxy */;
		};
/* End PBXTargetDependency section */

/* Begin XCBuildConfiguration section */
		5FB3C7D63001F78400CE4906 /* Debug */ = {
			isa = XCBuildConfiguration;
			buildSettings = {
				ALWAYS_SEARCH_USER_PATHS = NO;
				ASSETCATALOG_COMPILER_GENERATE_SWIFT_ASSET_SYMBOL_EXTENSIONS = YES;
				CLANG_ANALYZER_NONNULL = YES;
				CLANG_ANALYZER_NUMBER_OBJECT_CONVERSION = YES_AGGRESSIVE;
				CLANG_CXX_LANGUAGE_STANDARD = "gnu++20";
				CLANG_ENABLE_MODULES = YES;
				CLANG_ENABLE_OBJC_ARC = YES;
				CLANG_ENABLE_OBJC_WEAK = YES;
				CLANG_WARN_BLOCK_CAPTURE_AUTORELEASING = YES;
				CLANG_WARN_BOOL_CONVERSION = YES;
				CLANG_WARN_COMMA = YES;
				CLANG_WARN_CONSTANT_CONVERSION = YES;
				CLANG_WARN_DEPRECATED_OBJC_IMPLEMENTATIONS = YES;
				CLANG_WARN_DIRECT_OBJC_ISA_USAGE = YES_ERROR;
				CLANG_WARN_DOCUMENTATION_COMMENTS = YES;
				CLANG_WARN_EMPTY_BODY = YES;
				CLANG_WARN_ENUM_CONVERSION = YES;
				CLANG_WARN_INFINITE_RECURSION = YES;
				CLANG_WARN_INT_CONVERSION = YES;
				CLANG_WARN_NON_LITERAL_NULL_CONVERSION = YES;
				CLANG_WARN_OBJC_IMPLICIT_RETAIN_SELF = YES;
				CLANG_WARN_OBJC_LITERAL_CONVERSION = YES;
				CLANG_WARN_OBJC_ROOT_CLASS = YES_ERROR;
				CLANG_WARN_QUOTED_INCLUDE_IN_FRAMEWORK_HEADER = YES;
				CLANG_WARN_RANGE_LOOP_ANALYSIS = YES;
				CLANG_WARN_STRICT_PROTOTYPES = YES;
				CLANG_WARN_SUSPICIOUS_MOVE = YES;
				CLANG_WARN_UNGUARDED_AVAILABILITY = YES_AGGRESSIVE;
				CLANG_WARN_UNREACHABLE_CODE = YES;
				CLANG_WARN__DUPLICATE_METHOD_MATCH = YES;
				COPY_PHASE_STRIP = NO;
				DEBUG_INFORMATION_FORMAT = dwarf;
				DEVELOPMENT_TEAM = RSARFZ5CD3;
				ENABLE_STRICT_OBJC_MSGSEND = YES;
				ENABLE_TESTABILITY = YES;
				ENABLE_USER_SCRIPT_SANDBOXING = YES;
				GCC_C_LANGUAGE_STANDARD = gnu17;
				GCC_DYNAMIC_NO_PIC = NO;
				GCC_NO_COMMON_BLOCKS = YES;
				GCC_OPTIMIZATION_LEVEL = 0;
				GCC_PREPROCESSOR_DEFINITIONS = (
					"DEBUG=1",
					"$(inherited)",
				);
				GCC_WARN_64_TO_32_BIT_CONVERSION = YES;
				GCC_WARN_ABOUT_RETURN_TYPE = YES_ERROR;
				GCC_WARN_UNDECLARED_SELECTOR = YES;
				GCC_WARN_UNINITIALIZED_AUTOS = YES_AGGRESSIVE;
				GCC_WARN_UNUSED_FUNCTION = YES;
				GCC_WARN_UNUSED_VARIABLE = YES;
				IPHONEOS_DEPLOYMENT_TARGET = 26.5;
				LOCALIZATION_PREFERS_STRING_CATALOGS = YES;
				MTL_ENABLE_DEBUG_INFO = INCLUDE_SOURCE;
				MTL_FAST_MATH = YES;
				ONLY_ACTIVE_ARCH = YES;
				SDKROOT = iphoneos;
				STRING_CATALOG_GENERATE_SYMBOLS = YES;
				SWIFT_ACTIVE_COMPILATION_CONDITIONS = "DEBUG $(inherited)";
				SWIFT_OPTIMIZATION_LEVEL = "-Onone";
			};
			name = Debug;
		};
		5FB3C7D73001F78400CE4906 /* Release */ = {
			isa = XCBuildConfiguration;
			buildSettings = {
				ALWAYS_SEARCH_USER_PATHS = NO;
				ASSETCATALOG_COMPILER_GENERATE_SWIFT_ASSET_SYMBOL_EXTENSIONS = YES;
				CLANG_ANALYZER_NONNULL = YES;
				CLANG_ANALYZER_NUMBER_OBJECT_CONVERSION = YES_AGGRESSIVE;
				CLANG_CXX_LANGUAGE_STANDARD = "gnu++20";
				CLANG_ENABLE_MODULES = YES;
				CLANG_ENABLE_OBJC_ARC = YES;
				CLANG_ENABLE_OBJC_WEAK = YES;
				CLANG_WARN_BLOCK_CAPTURE_AUTORELEASING = YES;
				CLANG_WARN_BOOL_CONVERSION = YES;
				CLANG_WARN_COMMA = YES;
				CLANG_WARN_CONSTANT_CONVERSION = YES;
				CLANG_WARN_DEPRECATED_OBJC_IMPLEMENTATIONS = YES;
				CLANG_WARN_DIRECT_OBJC_ISA_USAGE = YES_ERROR;
				CLANG_WARN_DOCUMENTATION_COMMENTS = YES;
				CLANG_WARN_EMPTY_BODY = YES;
				CLANG_WARN_ENUM_CONVERSION = YES;
				CLANG_WARN_INFINITE_RECURSION = YES;
				CLANG_WARN_INT_CONVERSION = YES;
				CLANG_WARN_NON_LITERAL_NULL_CONVERSION = YES;
				CLANG_WARN_OBJC_IMPLICIT_RETAIN_SELF = YES;
				CLANG_WARN_OBJC_LITERAL_CONVERSION = YES;
				CLANG_WARN_OBJC_ROOT_CLASS = YES_ERROR;
				CLANG_WARN_QUOTED_INCLUDE_IN_FRAMEWORK_HEADER = YES;
				CLANG_WARN_RANGE_LOOP_ANALYSIS = YES;
				CLANG_WARN_STRICT_PROTOTYPES = YES;
				CLANG_WARN_SUSPICIOUS_MOVE = YES;
				CLANG_WARN_UNGUARDED_AVAILABILITY = YES_AGGRESSIVE;
				CLANG_WARN_UNREACHABLE_CODE = YES;
				CLANG_WARN__DUPLICATE_METHOD_MATCH = YES;
				COPY_PHASE_STRIP = NO;
				DEBUG_INFORMATION_FORMAT = "dwarf-with-dsym";
				DEVELOPMENT_TEAM = RSARFZ5CD3;
				ENABLE_NS_ASSERTIONS = NO;
				ENABLE_STRICT_OBJC_MSGSEND = YES;
				ENABLE_TESTABILITY = YES;
				ENABLE_USER_SCRIPT_SANDBOXING = YES;
				GCC_C_LANGUAGE_STANDARD = gnu17;
				GCC_NO_COMMON_BLOCKS = YES;
				GCC_WARN_64_TO_32_BIT_CONVERSION = YES;
				GCC_WARN_ABOUT_RETURN_TYPE = YES_ERROR;
				GCC_WARN_UNDECLARED_SELECTOR = YES;
				GCC_WARN_UNINITIALIZED_AUTOS = YES_AGGRESSIVE;
				GCC_WARN_UNUSED_FUNCTION = YES;
				GCC_WARN_UNUSED_VARIABLE = YES;
				IPHONEOS_DEPLOYMENT_TARGET = 26.5;
				LOCALIZATION_PREFERS_STRING_CATALOGS = YES;
				MTL_ENABLE_DEBUG_INFO = NO;
				MTL_FAST_MATH = YES;
				SDKROOT = iphoneos;
				STRING_CATALOG_GENERATE_SYMBOLS = YES;
				SWIFT_COMPILATION_MODE = wholemodule;
				VALIDATE_PRODUCT = YES;
			};
			name = Release;
		};
		5FB3C7D93001F78400CE4906 /* Debug */ = {
			isa = XCBuildConfiguration;
			buildSettings = {
				ASSETCATALOG_COMPILER_APPICON_NAME = AppIcon;
				ASSETCATALOG_COMPILER_GLOBAL_ACCENT_COLOR_NAME = AccentColor;
				CODE_SIGN_ENTITLEMENTS = Funput/Funput.entitlements;
				CODE_SIGN_STYLE = Automatic;
				PROVISIONING_PROFILE_SPECIFIER = "$(FUNPUT_APP_PROFILE)";
				CURRENT_PROJECT_VERSION = 1;
				DEVELOPMENT_TEAM = RSARFZ5CD3;
				ENABLE_PREVIEWS = YES;
				GENERATE_INFOPLIST_FILE = YES;
				INFOPLIST_KEY_ITSAppUsesNonExemptEncryption = NO;
				INFOPLIST_KEY_LSApplicationCategoryType = "public.app-category.utilities";
				INFOPLIST_KEY_UIApplicationSceneManifest_Generation = YES;
				INFOPLIST_KEY_UIApplicationSupportsIndirectInputEvents = YES;
				INFOPLIST_KEY_UILaunchStoryboardName = LaunchScreen;
				INFOPLIST_KEY_UISupportedInterfaceOrientations_iPad = "UIInterfaceOrientationPortrait UIInterfaceOrientationPortraitUpsideDown UIInterfaceOrientationLandscapeLeft UIInterfaceOrientationLandscapeRight";
				INFOPLIST_KEY_UISupportedInterfaceOrientations_iPhone = "UIInterfaceOrientationPortrait UIInterfaceOrientationLandscapeLeft UIInterfaceOrientationLandscapeRight";
				IPHONEOS_DEPLOYMENT_TARGET = 18.6;
				LD_RUNPATH_SEARCH_PATHS = (
					"$(inherited)",
					"@executable_path/Frameworks",
				);
				MARKETING_VERSION = 1.2026.69;
				PRODUCT_BUNDLE_IDENTIFIER = app.funput.funput;
				PRODUCT_NAME = "$(TARGET_NAME)";
				STRING_CATALOG_GENERATE_SYMBOLS = YES;
				SWIFT_APPROACHABLE_CONCURRENCY = YES;
				SWIFT_DEFAULT_ACTOR_ISOLATION = MainActor;
				SWIFT_EMIT_LOC_STRINGS = YES;
				SWIFT_UPCOMING_FEATURE_MEMBER_IMPORT_VISIBILITY = YES;
				SWIFT_VERSION = 6.0;
				TARGETED_DEVICE_FAMILY = "1,2";
			};
			name = Debug;
		};
		5FB3C7DA3001F78400CE4906 /* Release */ = {
			isa = XCBuildConfiguration;
			buildSettings = {
				ASSETCATALOG_COMPILER_APPICON_NAME = AppIcon;
				ASSETCATALOG_COMPILER_GLOBAL_ACCENT_COLOR_NAME = AccentColor;
				CODE_SIGN_ENTITLEMENTS = Funput/Funput.entitlements;
				CODE_SIGN_STYLE = Automatic;
				PROVISIONING_PROFILE_SPECIFIER = "$(FUNPUT_APP_PROFILE)";
				CURRENT_PROJECT_VERSION = 1;
				DEVELOPMENT_TEAM = RSARFZ5CD3;
				ENABLE_PREVIEWS = YES;
				ENABLE_TESTABILITY = YES;
				GENERATE_INFOPLIST_FILE = YES;
				INFOPLIST_KEY_ITSAppUsesNonExemptEncryption = NO;
				INFOPLIST_KEY_LSApplicationCategoryType = "public.app-category.utilities";
				INFOPLIST_KEY_UIApplicationSceneManifest_Generation = YES;
				INFOPLIST_KEY_UIApplicationSupportsIndirectInputEvents = YES;
				INFOPLIST_KEY_UILaunchStoryboardName = LaunchScreen;
				INFOPLIST_KEY_UISupportedInterfaceOrientations_iPad = "UIInterfaceOrientationPortrait UIInterfaceOrientationPortraitUpsideDown UIInterfaceOrientationLandscapeLeft UIInterfaceOrientationLandscapeRight";
				INFOPLIST_KEY_UISupportedInterfaceOrientations_iPhone = "UIInterfaceOrientationPortrait UIInterfaceOrientationLandscapeLeft UIInterfaceOrientationLandscapeRight";
				IPHONEOS_DEPLOYMENT_TARGET = 18.6;
				LD_RUNPATH_SEARCH_PATHS = (
					"$(inherited)",
					"@executable_path/Frameworks",
				);
				MARKETING_VERSION = 1.2026.69;
				PRODUCT_BUNDLE_IDENTIFIER = app.funput.funput;
				PRODUCT_NAME = "$(TARGET_NAME)";
				STRING_CATALOG_GENERATE_SYMBOLS = YES;
				SWIFT_APPROACHABLE_CONCURRENCY = YES;
				SWIFT_DEFAULT_ACTOR_ISOLATION = MainActor;
				SWIFT_EMIT_LOC_STRINGS = YES;
				SWIFT_UPCOMING_FEATURE_MEMBER_IMPORT_VISIBILITY = YES;
				SWIFT_VERSION = 6.0;
				TARGETED_DEVICE_FAMILY = "1,2";
			};
			name = Release;
		};
		5FB3C7DC3001F78400CE4906 /* Debug */ = {
			isa = XCBuildConfiguration;
			buildSettings = {
				BUNDLE_LOADER = "$(TEST_HOST)";
				CODE_SIGN_STYLE = Automatic;
				CURRENT_PROJECT_VERSION = 1;
				DEVELOPMENT_TEAM = RSARFZ5CD3;
				GENERATE_INFOPLIST_FILE = YES;
				IPHONEOS_DEPLOYMENT_TARGET = 18.6;
				MARKETING_VERSION = 1.0;
				PRODUCT_BUNDLE_IDENTIFIER = app.funput.FunputTests;
				PRODUCT_NAME = "$(TARGET_NAME)";
				STRING_CATALOG_GENERATE_SYMBOLS = NO;
				SWIFT_APPROACHABLE_CONCURRENCY = YES;
				SWIFT_EMIT_LOC_STRINGS = NO;
				SWIFT_UPCOMING_FEATURE_MEMBER_IMPORT_VISIBILITY = YES;
				SWIFT_VERSION = 6.0;
				TARGETED_DEVICE_FAMILY = "1,2";
				TEST_HOST = "$(BUILT_PRODUCTS_DIR)/Funput.app/$(BUNDLE_EXECUTABLE_FOLDER_PATH)/Funput";
			};
			name = Debug;
		};
		5FB3C7DD3001F78400CE4906 /* Release */ = {
			isa = XCBuildConfiguration;
			buildSettings = {
				BUNDLE_LOADER = "$(TEST_HOST)";
				CODE_SIGN_STYLE = Automatic;
				CURRENT_PROJECT_VERSION = 1;
				DEVELOPMENT_TEAM = RSARFZ5CD3;
				GENERATE_INFOPLIST_FILE = YES;
				IPHONEOS_DEPLOYMENT_TARGET = 18.6;
				MARKETING_VERSION = 1.0;
				PRODUCT_BUNDLE_IDENTIFIER = app.funput.FunputTests;
				PRODUCT_NAME = "$(TARGET_NAME)";
				STRING_CATALOG_GENERATE_SYMBOLS = NO;
				SWIFT_APPROACHABLE_CONCURRENCY = YES;
				SWIFT_EMIT_LOC_STRINGS = NO;
				SWIFT_UPCOMING_FEATURE_MEMBER_IMPORT_VISIBILITY = YES;
				SWIFT_VERSION = 6.0;
				TARGETED_DEVICE_FAMILY = "1,2";
				TEST_HOST = "$(BUILT_PRODUCTS_DIR)/Funput.app/$(BUNDLE_EXECUTABLE_FOLDER_PATH)/Funput";
			};
			name = Release;
		};
		5FB3C7DF3001F78400CE4906 /* Debug */ = {
			isa = XCBuildConfiguration;
			buildSettings = {
				CODE_SIGN_STYLE = Automatic;
				CURRENT_PROJECT_VERSION = 1;
				DEVELOPMENT_TEAM = RSARFZ5CD3;
				GENERATE_INFOPLIST_FILE = YES;
				IPHONEOS_DEPLOYMENT_TARGET = 18.6;
				MARKETING_VERSION = 1.0;
				PRODUCT_BUNDLE_IDENTIFIER = app.funput.FunputUITests;
				PRODUCT_NAME = "$(TARGET_NAME)";
				STRING_CATALOG_GENERATE_SYMBOLS = NO;
				SWIFT_APPROACHABLE_CONCURRENCY = YES;
				SWIFT_EMIT_LOC_STRINGS = NO;
				SWIFT_UPCOMING_FEATURE_MEMBER_IMPORT_VISIBILITY = YES;
				SWIFT_VERSION = 5.0;
				TARGETED_DEVICE_FAMILY = "1,2";
				TEST_TARGET_NAME = Funput;
			};
			name = Debug;
		};
		5FB3C7E03001F78400CE4906 /* Release */ = {
			isa = XCBuildConfiguration;
			buildSettings = {
				CODE_SIGN_STYLE = Automatic;
				CURRENT_PROJECT_VERSION = 1;
				DEVELOPMENT_TEAM = RSARFZ5CD3;
				GENERATE_INFOPLIST_FILE = YES;
				IPHONEOS_DEPLOYMENT_TARGET = 18.6;
				MARKETING_VERSION = 1.0;
				PRODUCT_BUNDLE_IDENTIFIER = app.funput.FunputUITests;
				PRODUCT_NAME = "$(TARGET_NAME)";
				STRING_CATALOG_GENERATE_SYMBOLS = NO;
				SWIFT_APPROACHABLE_CONCURRENCY = YES;
				SWIFT_EMIT_LOC_STRINGS = NO;
				SWIFT_UPCOMING_FEATURE_MEMBER_IMPORT_VISIBILITY = YES;
				SWIFT_VERSION = 5.0;
				TARGETED_DEVICE_FAMILY = "1,2";
				TEST_TARGET_NAME = Funput;
			};
			name = Release;
		};
		5FB3C7FA3001F87500CE4906 /* Debug */ = {
			isa = XCBuildConfiguration;
			buildSettings = {
				CODE_SIGN_ENTITLEMENTS = Keyboard/Keyboard.entitlements;
				CODE_SIGN_STYLE = Automatic;
				PROVISIONING_PROFILE_SPECIFIER = "$(FUNPUT_KEYBOARD_PROFILE)";
				CURRENT_PROJECT_VERSION = 1;
				DEVELOPMENT_TEAM = RSARFZ5CD3;
				GENERATE_INFOPLIST_FILE = YES;
				INFOPLIST_FILE = Keyboard/Info.plist;
				INFOPLIST_KEY_CFBundleDisplayName = Funput;
				INFOPLIST_KEY_ITSAppUsesNonExemptEncryption = NO;
				INFOPLIST_KEY_NSHumanReadableCopyright = "";
				IPHONEOS_DEPLOYMENT_TARGET = 18.6;
				LD_RUNPATH_SEARCH_PATHS = (
					"$(inherited)",
					"@executable_path/Frameworks",
					"@executable_path/../../Frameworks",
				);
				MARKETING_VERSION = 1.2026.69;
				PRODUCT_BUNDLE_IDENTIFIER = app.funput.funput.Keyboard;
				PRODUCT_NAME = "$(TARGET_NAME)";
				SKIP_INSTALL = YES;
				STRING_CATALOG_GENERATE_SYMBOLS = YES;
				SWIFT_APPROACHABLE_CONCURRENCY = YES;
				SWIFT_EMIT_LOC_STRINGS = YES;
				SWIFT_UPCOMING_FEATURE_MEMBER_IMPORT_VISIBILITY = YES;
				SWIFT_VERSION = 6.0;
				TARGETED_DEVICE_FAMILY = "1,2";
			};
			name = Debug;
		};
		5FB3C7FB3001F87500CE4906 /* Release */ = {
			isa = XCBuildConfiguration;
			buildSettings = {
				CODE_SIGN_ENTITLEMENTS = Keyboard/Keyboard.entitlements;
				CODE_SIGN_STYLE = Automatic;
				PROVISIONING_PROFILE_SPECIFIER = "$(FUNPUT_KEYBOARD_PROFILE)";
				CURRENT_PROJECT_VERSION = 1;
				DEVELOPMENT_TEAM = RSARFZ5CD3;
				GENERATE_INFOPLIST_FILE = YES;
				INFOPLIST_FILE = Keyboard/Info.plist;
				INFOPLIST_KEY_CFBundleDisplayName = Funput;
				INFOPLIST_KEY_ITSAppUsesNonExemptEncryption = NO;
				INFOPLIST_KEY_NSHumanReadableCopyright = "";
				IPHONEOS_DEPLOYMENT_TARGET = 18.6;
				LD_RUNPATH_SEARCH_PATHS = (
					"$(inherited)",
					"@executable_path/Frameworks",
					"@executable_path/../../Frameworks",
				);
				MARKETING_VERSION = 1.2026.69;
				PRODUCT_BUNDLE_IDENTIFIER = app.funput.funput.Keyboard;
				PRODUCT_NAME = "$(TARGET_NAME)";
				SKIP_INSTALL = YES;
				STRING_CATALOG_GENERATE_SYMBOLS = YES;
				SWIFT_APPROACHABLE_CONCURRENCY = YES;
				SWIFT_EMIT_LOC_STRINGS = YES;
				SWIFT_UPCOMING_FEATURE_MEMBER_IMPORT_VISIBILITY = YES;
				SWIFT_VERSION = 6.0;
				TARGETED_DEVICE_FAMILY = "1,2";
			};
			name = Release;
		};
/* End XCBuildConfiguration section */

/* Begin XCConfigurationList section */
		5FB3C7B23001F78300CE4906 /* Build configuration list for PBXProject "Funput" */ = {
			isa = XCConfigurationList;
			buildConfigurations = (
				5FB3C7D63001F78400CE4906 /* Debug */,
				5FB3C7D73001F78400CE4906 /* Release */,
			);
			defaultConfigurationIsVisible = 0;
			defaultConfigurationName = Release;
		};
		5FB3C7D83001F78400CE4906 /* Build configuration list for PBXNativeTarget "Funput" */ = {
			isa = XCConfigurationList;
			buildConfigurations = (
				5FB3C7D93001F78400CE4906 /* Debug */,
				5FB3C7DA3001F78400CE4906 /* Release */,
			);
			defaultConfigurationIsVisible = 0;
			defaultConfigurationName = Release;
		};
		5FB3C7DB3001F78400CE4906 /* Build configuration list for PBXNativeTarget "FunputTests" */ = {
			isa = XCConfigurationList;
			buildConfigurations = (
				5FB3C7DC3001F78400CE4906 /* Debug */,
				5FB3C7DD3001F78400CE4906 /* Release */,
			);
			defaultConfigurationIsVisible = 0;
			defaultConfigurationName = Release;
		};
		5FB3C7DE3001F78400CE4906 /* Build configuration list for PBXNativeTarget "FunputUITests" */ = {
			isa = XCConfigurationList;
			buildConfigurations = (
				5FB3C7DF3001F78400CE4906 /* Debug */,
				5FB3C7E03001F78400CE4906 /* Release */,
			);
			defaultConfigurationIsVisible = 0;
			defaultConfigurationName = Release;
		};
		5FB3C7FD3001F87500CE4906 /* Build configuration list for PBXNativeTarget "Keyboard" */ = {
			isa = XCConfigurationList;
			buildConfigurations = (
				5FB3C7FA3001F87500CE4906 /* Debug */,
				5FB3C7FB3001F87500CE4906 /* Release */,
			);
			defaultConfigurationIsVisible = 0;
			defaultConfigurationName = Release;
		};
/* End XCConfigurationList section */

/* Begin XCLocalSwiftPackageReference section */
		FA2600000000000000000001 /* XCLocalSwiftPackageReference "Packages/FunputKit" */ = {
			isa = XCLocalSwiftPackageReference;
			relativePath = Packages/FunputKit;
		};
/* End XCLocalSwiftPackageReference section */

/* Begin XCSwiftPackageProductDependency section */
		FA2600000000000000000101 /* KeyboardLayout */ = {
			isa = XCSwiftPackageProductDependency;
			package = FA2600000000000000000001 /* XCLocalSwiftPackageReference "Packages/FunputKit" */;
			productName = KeyboardLayout;
		};
		FA2600000000000000000102 /* ThemeSchema */ = {
			isa = XCSwiftPackageProductDependency;
			package = FA2600000000000000000001 /* XCLocalSwiftPackageReference "Packages/FunputKit" */;
			productName = ThemeSchema;
		};
		FA2600000000000000000103 /* KeyboardRenderer */ = {
			isa = XCSwiftPackageProductDependency;
			package = FA2600000000000000000001 /* XCLocalSwiftPackageReference "Packages/FunputKit" */;
			productName = KeyboardRenderer;
		};
		FA2600000000000000000104 /* FunputShared */ = {
			isa = XCSwiftPackageProductDependency;
			package = FA2600000000000000000001 /* XCLocalSwiftPackageReference "Packages/FunputKit" */;
			productName = FunputShared;
		};
		FA2600000000000000000105 /* KeyboardConfiguration */ = {
			isa = XCSwiftPackageProductDependency;
			package = FA2600000000000000000001 /* XCLocalSwiftPackageReference "Packages/FunputKit" */;
			productName = KeyboardConfiguration;
		};
		FA2600000000000000000111 /* KeyboardLayout */ = {
			isa = XCSwiftPackageProductDependency;
			package = FA2600000000000000000001 /* XCLocalSwiftPackageReference "Packages/FunputKit" */;
			productName = KeyboardLayout;
		};
		FA2600000000000000000112 /* ThemeSchema */ = {
			isa = XCSwiftPackageProductDependency;
			package = FA2600000000000000000001 /* XCLocalSwiftPackageReference "Packages/FunputKit" */;
			productName = ThemeSchema;
		};
		FA2600000000000000000113 /* KeyboardRenderer */ = {
			isa = XCSwiftPackageProductDependency;
			package = FA2600000000000000000001 /* XCLocalSwiftPackageReference "Packages/FunputKit" */;
			productName = KeyboardRenderer;
		};
		FA2600000000000000000114 /* FunputEngine */ = {
			isa = XCSwiftPackageProductDependency;
			package = FA2600000000000000000001 /* XCLocalSwiftPackageReference "Packages/FunputKit" */;
			productName = FunputEngine;
		};
		FA2600000000000000000115 /* KeyboardInput */ = {
			isa = XCSwiftPackageProductDependency;
			package = FA2600000000000000000001 /* XCLocalSwiftPackageReference "Packages/FunputKit" */;
			productName = KeyboardInput;
		};
		FA2600000000000000000116 /* FunputShared */ = {
			isa = XCSwiftPackageProductDependency;
			package = FA2600000000000000000001 /* XCLocalSwiftPackageReference "Packages/FunputKit" */;
			productName = FunputShared;
		};
		FA2600000000000000000117 /* ThemeRuntime */ = {
			isa = XCSwiftPackageProductDependency;
			package = FA2600000000000000000001 /* XCLocalSwiftPackageReference "Packages/FunputKit" */;
			productName = ThemeRuntime;
		};
		FA2600000000000000000118 /* KeyboardConfiguration */ = {
			isa = XCSwiftPackageProductDependency;
			package = FA2600000000000000000001 /* XCLocalSwiftPackageReference "Packages/FunputKit" */;
			productName = KeyboardConfiguration;
		};
		FA2600000000000000000119 /* PersonalSuggestions */ = {
			isa = XCSwiftPackageProductDependency;
			package = FA2600000000000000000001 /* XCLocalSwiftPackageReference "Packages/FunputKit" */;
			productName = PersonalSuggestions;
		};
		FA2600000000000000000121 /* KeyboardInput */ = {
			isa = XCSwiftPackageProductDependency;
			package = FA2600000000000000000001 /* XCLocalSwiftPackageReference "Packages/FunputKit" */;
			productName = KeyboardInput;
		};
		FA2600000000000000000122 /* KeyboardLayout */ = {
			isa = XCSwiftPackageProductDependency;
			package = FA2600000000000000000001 /* XCLocalSwiftPackageReference "Packages/FunputKit" */;
			productName = KeyboardLayout;
		};
		FA2600000000000000000123 /* KeyboardRenderer */ = {
			isa = XCSwiftPackageProductDependency;
			package = FA2600000000000000000001 /* XCLocalSwiftPackageReference "Packages/FunputKit" */;
			productName = KeyboardRenderer;
		};
		FA2600000000000000000124 /* FunputShared */ = {
			isa = XCSwiftPackageProductDependency;
			package = FA2600000000000000000001 /* XCLocalSwiftPackageReference "Packages/FunputKit" */;
			productName = FunputShared;
		};
		FA2600000000000000000125 /* ThemeRuntime */ = {
			isa = XCSwiftPackageProductDependency;
			package = FA2600000000000000000001 /* XCLocalSwiftPackageReference "Packages/FunputKit" */;
			productName = ThemeRuntime;
		};
		FA2600000000000000000126 /* ThemeSchema */ = {
			isa = XCSwiftPackageProductDependency;
			package = FA2600000000000000000001 /* XCLocalSwiftPackageReference "Packages/FunputKit" */;
			productName = ThemeSchema;
		};
		FA2600000000000000000127 /* PersonalSuggestions */ = {
			isa = XCSwiftPackageProductDependency;
			package = FA2600000000000000000001 /* XCLocalSwiftPackageReference "Packages/FunputKit" */;
			productName = PersonalSuggestions;
		};
/* End XCSwiftPackageProductDependency section */
	};
	rootObject = 5FB3C7AF3001F78300CE4906 /* Project object */;
}
